{
    "_readme": [
        "This file locks the dependencies of your project to a known state",
        "Read more about it at https://getcomposer.org/doc/01-basic-usage.md#composer-lock-the-lock-file",
        "This file is @generated automatically"
    ],
    "hash": "cc56fcc0c48a12aa27c08531730bac25",
    "content-hash": "11601f92870b163f0f10bd25b3d9db63",
    "packages": [
        {
            "name": "apache/log4php",
            "version": "2.3.0",
            "source": {
                "type": "git",
                "url": "https://git-wip-us.apache.org/repos/asf/logging-log4php.git",
                "reference": "8c6df2481cd68d0d211d38f700406c5f0a9de0c2"
            },
            "require": {
                "php": ">=5.2.7"
            },
            "type": "library",
            "autoload": {
                "classmap": [
                    "src/main/php/"
                ]
            },
            "notification-url": "https://packagist.org/downloads/",
            "license": [
                "Apache-2.0"
            ],
            "description": "A versatile logging framework for PHP",
            "homepage": "http://logging.apache.org/log4php/",
            "keywords": [
                "log",
                "logging",
                "php"
            ],
            "time": "2012-10-26 09:13:25"
        },
        {
            "name": "todopago/php-sdk",
            "version": "V1.5.1",
            "source": {
                "type": "git",
                "url": "https://github.com/TodoPago/SDK-PHP.git",
                "reference": "b97d03f9c38db8b676980322b4dec394da29d8d1"
            },
            "dist": {
                "type": "zip",
                "url": "https://api.github.com/repos/TodoPago/SDK-PHP/zipball/b97d03f9c38db8b676980322b4dec394da29d8d1",
                "reference": "b97d03f9c38db8b676980322b4dec394da29d8d1",
                "shasum": ""
            },
            "require": {
                "php": ">=5.3"
            },
            "type": "library",
            "autoload": {
                "psr-4": {
                    "TodoPago\\": "TodoPago/lib"
                }
            },
            "notification-url": "https://packagist.org/downloads/",
            "description": "SDK para TodoPago",
            "time": "2016-06-24 23:09:44"
        }
    ],
    "packages-dev": [],
    "aliases": [],
    "minimum-stability": "stable",
    "stability-flags": [],
    "prefer-stable": false,
    "prefer-lowest": false,
    "platform": [],
    "platform-dev": []
}
